
Microsoft Visual Studio Solution File, Format Version 12.00
# Visual Studio 15
Project("{FAE04EC0-301F-11D3-BF4B-00C04F79EFBC}") = "MOBAUI", "Assembly-CSharp.csproj", "{613A59E1-DBAE-6AD7-373B-4032CCCAA85E}"
EndProject
Project("{FAE04EC0-301F-11D3-BF4B-00C04F79EFBC}") = "MOBAUI", "Assembly-CSharp-Editor.csproj", "{95F1183D-DC7B-C931-3D02-8C22182F261C}"
EndProject
Global
	GlobalSection(SolutionConfigurationPlatforms) = preSolution
		Debug|Any CPU = Debug|Any CPU
		Release|Any CPU = Release|Any CPU
	EndGlobalSection
	GlobalSection(ProjectConfigurationPlatforms) = postSolution
		{613A59E1-DBAE-6AD7-373B-4032CCCAA85E}.Debug|Any CPU.ActiveCfg = Debug|Any CPU
		{613A59E1-DBAE-6AD7-373B-4032CCCAA85E}.Debug|Any CPU.Build.0 = Debug|Any CPU
		{613A59E1-DBAE-6AD7-373B-4032CCCAA85E}.Release|Any CPU.ActiveCfg = Release|Any CPU
		{613A59E1-DBAE-6AD7-373B-4032CCCAA85E}.Release|Any CPU.Build.0 = Release|Any CPU
		{95F1183D-DC7B-C931-3D02-8C22182F261C}.Debug|Any CPU.ActiveCfg = Debug|Any CPU
		{95F1183D-DC7B-C931-3D02-8C22182F261C}.Debug|Any CPU.Build.0 = Debug|Any CPU
		{95F1183D-DC7B-C931-3D02-8C22182F261C}.Release|Any CPU.ActiveCfg = Release|Any CPU
		{95F1183D-DC7B-C931-3D02-8C22182F261C}.Release|Any CPU.Build.0 = Release|Any CPU
	EndGlobalSection
	GlobalSection(SolutionProperties) = preSolution
		HideSolutionNode = FALSE
	EndGlobalSection
EndGlobal
