
Microsoft Visual Studio Solution File, Format Version 12.00
# Visual Studio 14
VisualStudioVersion = 14.0.23107.0
MinimumVisualStudioVersion = 10.0.40219.1
Project("{FAE04EC0-301F-11D3-BF4B-00C04F79EFBC}") = "Moba", "Moba\Moba.csproj", "{034B35CB-097C-4361-B478-70188FA0CFF8}"
EndProject
Project("{FAE04EC0-301F-11D3-BF4B-00C04F79EFBC}") = "MobaCommon", "MobaCommon\MobaCommon.csproj", "{75C840B1-0554-493D-A1D1-960767358D6E}"
EndProject
Global
	GlobalSection(SolutionConfigurationPlatforms) = preSolution
		Debug|Any CPU = Debug|Any CPU
		Debug|x64 = Debug|x64
		Debug|x86 = Debug|x86
		Release|Any CPU = Release|Any CPU
		Release|x64 = Release|x64
		Release|x86 = Release|x86
	EndGlobalSection
	GlobalSection(ProjectConfigurationPlatforms) = postSolution
		{034B35CB-097C-4361-B478-70188FA0CFF8}.Debug|Any CPU.ActiveCfg = Debug|Any CPU
		{034B35CB-097C-4361-B478-70188FA0CFF8}.Debug|Any CPU.Build.0 = Debug|Any CPU
		{034B35CB-097C-4361-B478-70188FA0CFF8}.Debug|Any CPU.Deploy.0 = Debug|Any CPU
		{034B35CB-097C-4361-B478-70188FA0CFF8}.Debug|x64.ActiveCfg = Debug|Any CPU
		{034B35CB-097C-4361-B478-70188FA0CFF8}.Debug|x64.Build.0 = Debug|Any CPU
		{034B35CB-097C-4361-B478-70188FA0CFF8}.Debug|x86.ActiveCfg = Debug|Any CPU
		{034B35CB-097C-4361-B478-70188FA0CFF8}.Debug|x86.Build.0 = Debug|Any CPU
		{034B35CB-097C-4361-B478-70188FA0CFF8}.Release|Any CPU.ActiveCfg = Release|Any CPU
		{034B35CB-097C-4361-B478-70188FA0CFF8}.Release|Any CPU.Build.0 = Release|Any CPU
		{034B35CB-097C-4361-B478-70188FA0CFF8}.Release|x64.ActiveCfg = Release|Any CPU
		{034B35CB-097C-4361-B478-70188FA0CFF8}.Release|x64.Build.0 = Release|Any CPU
		{034B35CB-097C-4361-B478-70188FA0CFF8}.Release|x86.ActiveCfg = Release|Any CPU
		{034B35CB-097C-4361-B478-70188FA0CFF8}.Release|x86.Build.0 = Release|Any CPU
		{75C840B1-0554-493D-A1D1-960767358D6E}.Debug|Any CPU.ActiveCfg = Debug|Any CPU
		{75C840B1-0554-493D-A1D1-960767358D6E}.Debug|Any CPU.Build.0 = Debug|Any CPU
		{75C840B1-0554-493D-A1D1-960767358D6E}.Debug|x64.ActiveCfg = Debug|Any CPU
		{75C840B1-0554-493D-A1D1-960767358D6E}.Debug|x64.Build.0 = Debug|Any CPU
		{75C840B1-0554-493D-A1D1-960767358D6E}.Debug|x86.ActiveCfg = Debug|Any CPU
		{75C840B1-0554-493D-A1D1-960767358D6E}.Debug|x86.Build.0 = Debug|Any CPU
		{75C840B1-0554-493D-A1D1-960767358D6E}.Release|Any CPU.ActiveCfg = Release|Any CPU
		{75C840B1-0554-493D-A1D1-960767358D6E}.Release|Any CPU.Build.0 = Release|Any CPU
		{75C840B1-0554-493D-A1D1-960767358D6E}.Release|x64.ActiveCfg = Release|Any CPU
		{75C840B1-0554-493D-A1D1-960767358D6E}.Release|x64.Build.0 = Release|Any CPU
		{75C840B1-0554-493D-A1D1-960767358D6E}.Release|x86.ActiveCfg = Release|Any CPU
		{75C840B1-0554-493D-A1D1-960767358D6E}.Release|x86.Build.0 = Release|Any CPU
	EndGlobalSection
	GlobalSection(SolutionProperties) = preSolution
		HideSolutionNode = FALSE
	EndGlobalSection
EndGlobal
